{
    "_meta": {
        "hash": {
            "sha256": "7efb5a47e8780eeb7f40291e978bfa78e2c1fbbc7ea4beed9e53129b89bcf409"
        },
        "pipfile-spec": 6,
        "requires": {
            "python_version": "3.8"
        },
        "sources": [
            {
                "name": "pypi",
                "url": "https://pypi.org/simple",
                "verify_ssl": true
            }
        ]
    },
    "default": {
        "certifi": {
            "hashes": [
                "sha256:0d9c601124e5a6ba9712dbc60d9c53c21e34f5f641fe83002317394311bdce14",
                "sha256:90c1a32f1d68f940488354e36370f6cca89f0f106db09518524c88d6ed83f382"
            ],
            "markers": "python_full_version >= '3.6.0'",
            "version": "==2022.9.24"
        },
        "charset-normalizer": {
            "hashes": [
                "sha256:5a3d016c7c547f69d6f81fb0db9449ce888b418b5b9952cc5e6e66843e9dd845",
                "sha256:83e9a75d1911279afd89352c68b45348559d1fc0506b054b346651b5e7fee29f"
            ],
            "markers": "python_full_version >= '3.6.0'",
            "version": "==2.1.1"
        },
        "idna": {
            "hashes": [
                "sha256:814f528e8dead7d329833b91c5faa87d60bf71824cd12a7530b5526063d02cb4",
                "sha256:90b77e79eaa3eba6de819a0c442c0b4ceefc341a7a2ab77d7562bf49f425c5c2"
            ],
            "markers": "python_version >= '3.5'",
            "version": "==3.4"
        },
        "joblib": {
            "hashes": [
                "sha256:091138ed78f800342968c523bdde947e7a305b8594b910a0fea2ab83c3c6d385",
                "sha256:e1cee4a79e4af22881164f218d4311f60074197fb707e082e803b61f6d137018"
            ],
            "index": "pypi",
            "version": "==1.2.0"
        },
        "mysql-connector-python": {
            "hashes": [
                "sha256:033a8ab1d772ce77ce6cbbaca5bff400bfb65a2a3542b701061c981222a0fefd",
                "sha256:0fc51c4360286646244e97f30826ebc0ff362846d1226d35e99ec94b10543fac",
                "sha256:268366d8b807f1216bac3d467fa0e51798880da6a3965fdead3476f2b04dd8bb",
                "sha256:332654635beeb71d823fe461b8f3062f1b8621ffe839c83175f16bcca0627909",
                "sha256:427ca66e5a502f8c86b5525009d2f18ef0da2ab12f7fccd8edb4183e513e8491",
                "sha256:42bc551cf7d32e4aff358fe5162efb268ddc3da2e6ce37f5b71e6321e731b432",
                "sha256:4357ffddb4b26065327e0a0c003659ce3a106e4a91e0f03698a2262431768f72",
                "sha256:556995294a47ed38849e1d1730943a9d93a80ca450cc7c03a372816cae7c1f11",
                "sha256:586906f5a5ae807501f6fa83a7fab8e9c81392a657e6df94b0c192534644dfde",
                "sha256:5dbf052f34e1be01453d9591aaa69d15961de7ef80d22c188dcff8d0e6f198fe",
                "sha256:5eb70297b829c2e7d5ff4f511164895a5acb827f90c0610e36678a763abbd393",
                "sha256:5f0537726ae30025c910533182ebe8656186349cf7d801e01483b2fcde9537ba",
                "sha256:663d714ae09e2001e602960e48f2e918dda53398b1d2641780105321f494fcd3",
                "sha256:77bc6dbcf5eae803845e82a639eb2d5e5ed0ba59f8d66d1901e26df1ce2088f0",
                "sha256:846d3062de596fccb3ab0928131f9a49747b5a4eb8d02433df22c2bd2abcca7a",
                "sha256:8920d2cbc17a4003f99f8db71c3cc7ca4058a6585d56a72b98f9e0826772e682",
                "sha256:8a27d519a57e89d5423eb2b6ca0d839d7d16e576a43d67b497d11ca2962355eb",
                "sha256:8f1f68ee29b7e9b1b8c88b65dcfdfdc450574106ac05668db325b85a322e3875",
                "sha256:9ba54e85cd9a3f2ac2c778b4082d6f427c54c883f54051a5fb235138cb6f091d",
                "sha256:a956b77c9c73bff6e17f068fbd8d03c3631a2ef974703f784f8dbfa348c983ec",
                "sha256:ac4474bf836be6696e4930884725b9de33df4d246fb433255126fb007cb8a59e",
                "sha256:acbaf0c87b1398d238f0fe77af18feefc8b6c3569e7fe96307bca3ed3f0eb240",
                "sha256:c3d2dbd81e78d8d2cd1504483daf930219e623b3b9f269a2c2b3bad79a031fa5"
            ],
            "index": "pypi",
            "version": "==8.0.18"
        },
        "protobuf": {
            "hashes": [
                "sha256:3ec85328a35a16463c6f419dbce3c0fc42b3e904d966f17f48bae39597c7a543",
                "sha256:58b81358ec6c0b5d50df761460ae2db58405c063fd415e1101209221a0a810e1",
                "sha256:71d9dba03ed3432c878a801e2ea51e034b0ea01cf3a4344fb60166cb5f6c8757",
                "sha256:8066322588d4b499869bf9f665ebe448e793036b552f68c585a9b28f1e393f66",
                "sha256:8e09d1916386eca1ef1353767b6efcebc0a6859ed7f73cb7fb974feba3184830",
                "sha256:9643684232b6b340b5e63bb69c9b4904cdd39e4303d498d1a92abddc7e895b7f",
                "sha256:9e355f2a839d9930d83971b9f562395e13493f0e9211520f8913bd11efa53c02",
                "sha256:a74d96cd960b87b4b712797c741bb3ea3a913f5c2dc4b6cbe9c0f8360b75297d",
                "sha256:b019c79e23a80735cc8a71b95f76a49a262f579d6b84fd20a0b82279f40e2cc1",
                "sha256:c7cb105d69a87416bd9023e64324e1c089593e6dae64d2536f06bcbe49cd97d8",
                "sha256:ca200645d6235ce0df3ccfdff1567acbab35c4db222a97357806e015f85b5744",
                "sha256:d3f89ccf7182293feba2de2739c8bf34fed1ed7c65a5cf987be00311acac57c1",
                "sha256:db9056b6a11cb5131036d734bcbf91ef3ef9235d6b681b2fc431cbfe5a7f2e56",
                "sha256:f370c0a71712f8965023dd5b13277444d3cdfecc96b2c778b0e19acbfd60df6e"
            ],
            "markers": "python_version >= '3.7'",
            "version": "==4.21.7"
        },
        "requests": {
            "hashes": [
                "sha256:7c5599b102feddaa661c826c56ab4fee28bfd17f5abca1ebbe3e7f19d7c97983",
                "sha256:8fefa2a1a1365bf5520aac41836fbee479da67864514bdb821f31ce07ce65349"
            ],
            "markers": "python_version >= '3.7' and python_version < '4'",
            "version": "==2.28.1"
        },
        "sqlalchemy": {
            "hashes": [
                "sha256:bfb8f464a5000b567ac1d350b9090cf081180ec1ab4aa87e7bca12dab25320ec"
            ],
            "index": "pypi",
            "version": "==1.3.12"
        },
        "tinify": {
            "hashes": [
                "sha256:f3d303fede8c526b913df6b65fd0223c6805a2ed352a307df9e024ef770c23c3"
            ],
            "index": "pypi",
            "version": "==1.5.1"
        },
        "urllib3": {
            "hashes": [
                "sha256:3fa96cf423e6987997fc326ae8df396db2a8b7c667747d47ddd8ecba91f4a74e",
                "sha256:b930dd878d5a8afb066a637fbb35144fe7901e3b209d1cd4f524bd0e9deee997"
            ],
            "markers": "python_version >= '2.7' and python_version not in '3.0, 3.1, 3.2, 3.3, 3.4, 3.5' and python_version < '4'",
            "version": "==1.26.12"
        }
    },
    "develop": {}
}
