{
    "_meta": {
        "hash": {
            "sha256": "7efb5a47e8780eeb7f40291e978bfa78e2c1fbbc7ea4beed9e53129b89bcf409"
        },
        "pipfile-spec": 6,
        "requires": {
            "python_version": "3.8"
        },
        "sources": [
            {
                "name": "pypi",
                "url": "https://pypi.org/simple",
                "verify_ssl": true
            }
        ]
    },
    "default": {
        "certifi": {
            "hashes": [
                "sha256:36973885b9542e6bd01dea287b2b4b3b21236307c56324fcc3f1160f2d655ed5",
                "sha256:e232343de1ab72c2aa521b625c80f699e356830fd0e2c620b465b304b17b0516"
            ],
            "markers": "python_version >= '3.6'",
            "version": "==2022.9.14"
        },
        "charset-normalizer": {
            "hashes": [
                "sha256:5a3d016c7c547f69d6f81fb0db9449ce888b418b5b9952cc5e6e66843e9dd845",
                "sha256:83e9a75d1911279afd89352c68b45348559d1fc0506b054b346651b5e7fee29f"
            ],
            "markers": "python_version >= '3.6'",
            "version": "==2.1.1"
        },
        "idna": {
            "hashes": [
                "sha256:814f528e8dead7d329833b91c5faa87d60bf71824cd12a7530b5526063d02cb4",
                "sha256:90b77e79eaa3eba6de819a0c442c0b4ceefc341a7a2ab77d7562bf49f425c5c2"
            ],
            "markers": "python_version >= '3.5'",
            "version": "==3.4"
        },
        "joblib": {
            "hashes": [
                "sha256:0630eea4f5664c463f23fbf5dcfc54a2bc6168902719fa8e19daf033022786c8",
                "sha256:bdb4fd9b72915ffb49fde2229ce482dd7ae79d842ed8c2b4c932441495af1403"
            ],
            "index": "pypi",
            "version": "==0.14.1"
        },
        "mysql-connector-python": {
            "hashes": [
                "sha256:033a8ab1d772ce77ce6cbbaca5bff400bfb65a2a3542b701061c981222a0fefd",
                "sha256:0fc51c4360286646244e97f30826ebc0ff362846d1226d35e99ec94b10543fac",
                "sha256:268366d8b807f1216bac3d467fa0e51798880da6a3965fdead3476f2b04dd8bb",
                "sha256:332654635beeb71d823fe461b8f3062f1b8621ffe839c83175f16bcca0627909",
                "sha256:427ca66e5a502f8c86b5525009d2f18ef0da2ab12f7fccd8edb4183e513e8491",
                "sha256:42bc551cf7d32e4aff358fe5162efb268ddc3da2e6ce37f5b71e6321e731b432",
                "sha256:4357ffddb4b26065327e0a0c003659ce3a106e4a91e0f03698a2262431768f72",
                "sha256:556995294a47ed38849e1d1730943a9d93a80ca450cc7c03a372816cae7c1f11",
                "sha256:586906f5a5ae807501f6fa83a7fab8e9c81392a657e6df94b0c192534644dfde",
                "sha256:5dbf052f34e1be01453d9591aaa69d15961de7ef80d22c188dcff8d0e6f198fe",
                "sha256:5eb70297b829c2e7d5ff4f511164895a5acb827f90c0610e36678a763abbd393",
                "sha256:5f0537726ae30025c910533182ebe8656186349cf7d801e01483b2fcde9537ba",
                "sha256:663d714ae09e2001e602960e48f2e918dda53398b1d2641780105321f494fcd3",
                "sha256:77bc6dbcf5eae803845e82a639eb2d5e5ed0ba59f8d66d1901e26df1ce2088f0",
                "sha256:846d3062de596fccb3ab0928131f9a49747b5a4eb8d02433df22c2bd2abcca7a",
                "sha256:8920d2cbc17a4003f99f8db71c3cc7ca4058a6585d56a72b98f9e0826772e682",
                "sha256:8a27d519a57e89d5423eb2b6ca0d839d7d16e576a43d67b497d11ca2962355eb",
                "sha256:8f1f68ee29b7e9b1b8c88b65dcfdfdc450574106ac05668db325b85a322e3875",
                "sha256:9ba54e85cd9a3f2ac2c778b4082d6f427c54c883f54051a5fb235138cb6f091d",
                "sha256:a956b77c9c73bff6e17f068fbd8d03c3631a2ef974703f784f8dbfa348c983ec",
                "sha256:ac4474bf836be6696e4930884725b9de33df4d246fb433255126fb007cb8a59e",
                "sha256:acbaf0c87b1398d238f0fe77af18feefc8b6c3569e7fe96307bca3ed3f0eb240",
                "sha256:c3d2dbd81e78d8d2cd1504483daf930219e623b3b9f269a2c2b3bad79a031fa5"
            ],
            "index": "pypi",
            "version": "==8.0.18"
        },
        "protobuf": {
            "hashes": [
                "sha256:0c44e01f74109decea196b5b313b08edb5316df77313995594a6981e95674259",
                "sha256:15cdecb0d192ab5f17cdc21a9c0ae7b5c6c4451e42c8a888a4f3344c190e369c",
                "sha256:196a153e487c0e20d62259872bbf2e1c4fa18e2ce97e20984fcbf9d8b151058d",
                "sha256:3149c373e9b7ce296bb24d42a3eb677d620185b5dff2c390b2cf57baf79afdc1",
                "sha256:370a6b885e94adda021d4cbe43accdfbf6a02af651a0be337a28906a3fa77f3d",
                "sha256:474247630834f93214fafce49d2ee6ff4c036c8c5382b88432b7eae6f08f131b",
                "sha256:6380aae2683d0d1b41199e591c8ba06f867e8a778d44309af87073c1b34a9f3a",
                "sha256:6741d7d1cfcbdd6cf610f38b7976cf8c0b41022203555298925e4061b6616608",
                "sha256:700787cb56b4cb7b8ed5f7d197b9d8f30080f257f3c7431eec1fdd8060660929",
                "sha256:8117b52c2531e4033f7d02b9be5a78564da41a8b02c255e1b731ad4bd75e7dc0",
                "sha256:850da2072d98c6e576b7eb29734cdde6fd9f5d157e43d7818d79f4b373ef5d51",
                "sha256:85d1fb5ff1d638a0045bbe4f01a8f287023aa4f2b29011445b1be0edc74a2103",
                "sha256:93bca9aaeee8008e15696c2a6b5e56b992da03f9d237ff54310e397d635f8305",
                "sha256:98d414513ec44bb3ba77ebdeffcbbe6ebbf3630c767d37a285890c2414fdd4e2",
                "sha256:a7f91a4e5bf3cc58b2830c9cb01b04ac5e211c288048e9296cd407ec0455fb89",
                "sha256:abbcb8ecd19cfb729b9b71f9a453e37c0c1c017be4bff47804ff25150685386d",
                "sha256:b03966ca4d1aa7850f5bf0d841c22a8eeb6ce091f77e585ffeb8b95a6b0a96c4",
                "sha256:cde2a73b03049b904dbc5d0f500b97e11abb4109dbe2940e6a1595e2eef4e8a9",
                "sha256:d52a687e2c74c40f45abd6906f833d4e40f0f8cfa4226a80e4695fedafe6c57e",
                "sha256:e68ad00695547d9397dd14abd3efba23cb31cef67228f4512d41396971889812",
                "sha256:e9bffd52d6ee039a1cafb72475b2900c6fd0f0dca667fb7a09af0a3e119e78cb"
            ],
            "index": "pypi",
            "version": "==3.18.3"
        },
        "requests": {
            "hashes": [
                "sha256:7c5599b102feddaa661c826c56ab4fee28bfd17f5abca1ebbe3e7f19d7c97983",
                "sha256:8fefa2a1a1365bf5520aac41836fbee479da67864514bdb821f31ce07ce65349"
            ],
            "markers": "python_version >= '3.7' and python_version < '4'",
            "version": "==2.28.1"
        },
        "sqlalchemy": {
            "hashes": [
                "sha256:bfb8f464a5000b567ac1d350b9090cf081180ec1ab4aa87e7bca12dab25320ec"
            ],
            "index": "pypi",
            "version": "==1.3.12"
        },
        "tinify": {
            "hashes": [
                "sha256:f3d303fede8c526b913df6b65fd0223c6805a2ed352a307df9e024ef770c23c3"
            ],
            "index": "pypi",
            "version": "==1.5.1"
        },
        "urllib3": {
            "hashes": [
                "sha256:3fa96cf423e6987997fc326ae8df396db2a8b7c667747d47ddd8ecba91f4a74e",
                "sha256:b930dd878d5a8afb066a637fbb35144fe7901e3b209d1cd4f524bd0e9deee997"
            ],
            "markers": "python_version >= '2.7' and python_version not in '3.0, 3.1, 3.2, 3.3, 3.4, 3.5' and python_version < '4'",
            "version": "==1.26.12"
        }
    },
    "develop": {}
}
